// !$*UTF8*$!
{
	archiveVersion = 1;
	classes = {
	};
	objectVersion = 51;
	objects = {

/* Begin PBXBuildFile section */
		C13FEAE527B866FD003EB1D8 /* JsonEntities.swift in Sources */ = {isa = PBXBuildFile; fileRef = C13FEAE427B866FD003EB1D8 /* JsonEntities.swift */; };
		C148C92127B7DC5C00DFE042 /* AppDelegate.swift in Sources */ = {isa = PBXBuildFile; fileRef = C148C92027B7DC5C00DFE042 /* AppDelegate.swift */; };
		C148C92327B7DC5C00DFE042 /* SceneDelegate.swift in Sources */ = {isa = PBXBuildFile; fileRef = C148C92227B7DC5C00DFE042 /* SceneDelegate.swift */; };
		C148C92527B7DC5C00DFE042 /* ViewController.swift in Sources */ = {isa = PBXBuildFile; fileRef = C148C92427B7DC5C00DFE042 /* ViewController.swift */; };
		C148C92827B7DC5C00DFE042 /* Main.storyboard in Resources */ = {isa = PBXBuildFile; fileRef = C148C92627B7DC5C00DFE042 /* Main.storyboard */; };
		C148C92A27B7DC6000DFE042 /* Assets.xcassets in Resources */ = {isa = PBXBuildFile; fileRef = C148C92927B7DC6000DFE042 /* Assets.xcassets */; };
		C148C92D27B7DC6000DFE042 /* LaunchScreen.storyboard in Resources */ = {isa = PBXBuildFile; fileRef = C148C92B27B7DC6000DFE042 /* LaunchScreen.storyboard */; };
		C19A9AAE27BB08780064192E /* DataExtention.swift in Sources */ = {isa = PBXBuildFile; fileRef = C19A9AAD27BB08780064192E /* DataExtention.swift */; };
		C19A9AB527BB0AFC0064192E /* UrlCreator.swift in Sources */ = {isa = PBXBuildFile; fileRef = C19A9AB427BB0AFC0064192E /* UrlCreator.swift */; };
		DBAE40157D0556913F3D3BDE /* Pods_Lab2.framework in Frameworks */ = {isa = PBXBuildFile; fileRef = 3B168CAA6CB9C1BA80286BD2 /* Pods_Lab2.framework */; };
/* End PBXBuildFile section */

/* Begin PBXFileReference section */
		16711071923CFAE748939DC8 /* Pods-Lab2.release.xcconfig */ = {isa = PBXFileReference; includeInIndex = 1; lastKnownFileType = text.xcconfig; name = "Pods-Lab2.release.xcconfig"; path = "Target Support Files/Pods-Lab2/Pods-Lab2.release.xcconfig"; sourceTree = "<group>"; };
		3B168CAA6CB9C1BA80286BD2 /* Pods_Lab2.framework */ = {isa = PBXFileReference; explicitFileType = wrapper.framework; includeInIndex = 0; path = Pods_Lab2.framework; sourceTree = BUILT_PRODUCTS_DIR; };
		C13FEAE427B866FD003EB1D8 /* JsonEntities.swift */ = {isa = PBXFileReference; lastKnownFileType = sourcecode.swift; path = JsonEntities.swift; sourceTree = "<group>"; };
		C148C91D27B7DC5C00DFE042 /* Lab2.app */ = {isa = PBXFileReference; explicitFileType = wrapper.application; includeInIndex = 0; path = Lab2.app; sourceTree = BUILT_PRODUCTS_DIR; };
		C148C92027B7DC5C00DFE042 /* AppDelegate.swift */ = {isa = PBXFileReference; lastKnownFileType = sourcecode.swift; path = AppDelegate.swift; sourceTree = "<group>"; };
		C148C92227B7DC5C00DFE042 /* SceneDelegate.swift */ = {isa = PBXFileReference; lastKnownFileType = sourcecode.swift; path = SceneDelegate.swift; sourceTree = "<group>"; };
		C148C92427B7DC5C00DFE042 /* ViewController.swift */ = {isa = PBXFileReference; lastKnownFileType = sourcecode.swift; path = ViewController.swift; sourceTree = "<group>"; };
		C148C92727B7DC5C00DFE042 /* Base */ = {isa = PBXFileReference; lastKnownFileType = file.storyboard; name = Base; path = Base.lproj/Main.storyboard; sourceTree = "<group>"; };
		C148C92927B7DC6000DFE042 /* Assets.xcassets */ = {isa = PBXFileReference; lastKnownFileType = folder.assetcatalog; path = Assets.xcassets; sourceTree = "<group>"; };
		C148C92C27B7DC6000DFE042 /* Base */ = {isa = PBXFileReference; lastKnownFileType = file.storyboard; name = Base; path = Base.lproj/LaunchScreen.storyboard; sourceTree = "<group>"; };
		C148C92E27B7DC6000DFE042 /* Info.plist */ = {isa = PBXFileReference; lastKnownFileType = text.plist.xml; path = Info.plist; sourceTree = "<group>"; };
		C19A9AAD27BB08780064192E /* DataExtention.swift */ = {isa = PBXFileReference; lastKnownFileType = sourcecode.swift; path = DataExtention.swift; sourceTree = "<group>"; };
		C19A9AB427BB0AFC0064192E /* UrlCreator.swift */ = {isa = PBXFileReference; lastKnownFileType = sourcecode.swift; path = UrlCreator.swift; sourceTree = "<group>"; };
		CB5A50CF5096F5A54B8F6A8A /* Pods-Lab2.debug.xcconfig */ = {isa = PBXFileReference; includeInIndex = 1; lastKnownFileType = text.xcconfig; name = "Pods-Lab2.debug.xcconfig"; path = "Target Support Files/Pods-Lab2/Pods-Lab2.debug.xcconfig"; sourceTree = "<group>"; };
/* End PBXFileReference section */

/* Begin PBXFrameworksBuildPhase section */
		C148C91A27B7DC5C00DFE042 /* Frameworks */ = {
			isa = PBXFrameworksBuildPhase;
			buildActionMask = 2147483647;
			files = (
				DBAE40157D0556913F3D3BDE /* Pods_Lab2.framework in Frameworks */,
			);
			runOnlyForDeploymentPostprocessing = 0;
		};
/* End PBXFrameworksBuildPhase section */

/* Begin PBXGroup section */
		742E6C5A68999D4FBD71BF22 /* Frameworks */ = {
			isa = PBXGroup;
			children = (
				3B168CAA6CB9C1BA80286BD2 /* Pods_Lab2.framework */,
			);
			name = Frameworks;
			sourceTree = "<group>";
		};
		C148C91427B7DC5C00DFE042 = {
			isa = PBXGroup;
			children = (
				C148C91F27B7DC5C00DFE042 /* Lab2 */,
				C148C91E27B7DC5C00DFE042 /* Products */,
				CD5F6DEF2357D879B887788D /* Pods */,
				742E6C5A68999D4FBD71BF22 /* Frameworks */,
			);
			sourceTree = "<group>";
		};
		C148C91E27B7DC5C00DFE042 /* Products */ = {
			isa = PBXGroup;
			children = (
				C148C91D27B7DC5C00DFE042 /* Lab2.app */,
			);
			name = Products;
			sourceTree = "<group>";
		};
		C148C91F27B7DC5C00DFE042 /* Lab2 */ = {
			isa = PBXGroup;
			children = (
				C19A9AAF27BB089C0064192E /* controllers */,
				C19A9AB227BB0A1F0064192E /* app */,
				C19A9AB027BB08B90064192E /* data */,
				C19A9AB327BB0A770064192E /* resources */,
			);
			path = Lab2;
			sourceTree = "<group>";
		};
		C19A9AAF27BB089C0064192E /* controllers */ = {
			isa = PBXGroup;
			children = (
				C148C92427B7DC5C00DFE042 /* ViewController.swift */,
			);
			path = controllers;
			sourceTree = "<group>";
		};
		C19A9AB027BB08B90064192E /* data */ = {
			isa = PBXGroup;
			children = (
				C19A9AB427BB0AFC0064192E /* UrlCreator.swift */,
				C13FEAE427B866FD003EB1D8 /* JsonEntities.swift */,
				C19A9AAD27BB08780064192E /* DataExtention.swift */,
			);
			path = data;
			sourceTree = "<group>";
		};
		C19A9AB227BB0A1F0064192E /* app */ = {
			isa = PBXGroup;
			children = (
				C148C92027B7DC5C00DFE042 /* AppDelegate.swift */,
				C148C92227B7DC5C00DFE042 /* SceneDelegate.swift */,
			);
			path = app;
			sourceTree = "<group>";
		};
		C19A9AB327BB0A770064192E /* resources */ = {
			isa = PBXGroup;
			children = (
				C148C92627B7DC5C00DFE042 /* Main.storyboard */,
				C148C92927B7DC6000DFE042 /* Assets.xcassets */,
				C148C92B27B7DC6000DFE042 /* LaunchScreen.storyboard */,
				C148C92E27B7DC6000DFE042 /* Info.plist */,
			);
			path = resources;
			sourceTree = "<group>";
		};
		CD5F6DEF2357D879B887788D /* Pods */ = {
			isa = PBXGroup;
			children = (
				CB5A50CF5096F5A54B8F6A8A /* Pods-Lab2.debug.xcconfig */,
				16711071923CFAE748939DC8 /* Pods-Lab2.release.xcconfig */,
			);
			path = Pods;
			sourceTree = "<group>";
		};
/* End PBXGroup section */

/* Begin PBXNativeTarget section */
		C148C91C27B7DC5C00DFE042 /* Lab2 */ = {
			isa = PBXNativeTarget;
			buildConfigurationList = C148C93127B7DC6000DFE042 /* Build configuration list for PBXNativeTarget "Lab2" */;
			buildPhases = (
				A2F00C801C6A0E48DA13621C /* [CP] Check Pods Manifest.lock */,
				C148C91927B7DC5C00DFE042 /* Sources */,
				C148C91A27B7DC5C00DFE042 /* Frameworks */,
				C148C91B27B7DC5C00DFE042 /* Resources */,
				C9C8D01E50A13DD4C34C3AB6 /* [CP] Embed Pods Frameworks */,
			);
			buildRules = (
			);
			dependencies = (
			);
			name = Lab2;
			productName = Lab2;
			productReference = C148C91D27B7DC5C00DFE042 /* Lab2.app */;
			productType = "com.apple.product-type.application";
		};
/* End PBXNativeTarget section */

/* Begin PBXProject section */
		C148C91527B7DC5C00DFE042 /* Project object */ = {
			isa = PBXProject;
			attributes = {
				LastSwiftUpdateCheck = 1250;
				LastUpgradeCheck = 1250;
				TargetAttributes = {
					C148C91C27B7DC5C00DFE042 = {
						CreatedOnToolsVersion = 12.5.1;
					};
				};
			};
			buildConfigurationList = C148C91827B7DC5C00DFE042 /* Build configuration list for PBXProject "Lab2" */;
			compatibilityVersion = "Xcode 9.3";
			developmentRegion = en;
			hasScannedForEncodings = 0;
			knownRegions = (
				en,
				Base,
			);
			mainGroup = C148C91427B7DC5C00DFE042;
			productRefGroup = C148C91E27B7DC5C00DFE042 /* Products */;
			projectDirPath = "";
			projectRoot = "";
			targets = (
				C148C91C27B7DC5C00DFE042 /* Lab2 */,
			);
		};
/* End PBXProject section */

/* Begin PBXResourcesBuildPhase section */
		C148C91B27B7DC5C00DFE042 /* Resources */ = {
			isa = PBXResourcesBuildPhase;
			buildActionMask = 2147483647;
			files = (
				C148C92D27B7DC6000DFE042 /* LaunchScreen.storyboard in Resources */,
				C148C92A27B7DC6000DFE042 /* Assets.xcassets in Resources */,
				C148C92827B7DC5C00DFE042 /* Main.storyboard in Resources */,
			);
			runOnlyForDeploymentPostprocessing = 0;
		};
/* End PBXResourcesBuildPhase section */

/* Begin PBXShellScriptBuildPhase section */
		A2F00C801C6A0E48DA13621C /* [CP] Check Pods Manifest.lock */ = {
			isa = PBXShellScriptBuildPhase;
			buildActionMask = 2147483647;
			files = (
			);
			inputFileListPaths = (
			);
			inputPaths = (
				"${PODS_PODFILE_DIR_PATH}/Podfile.lock",
				"${PODS_ROOT}/Manifest.lock",
			);
			name = "[CP] Check Pods Manifest.lock";
			outputFileListPaths = (
			);
			outputPaths = (
				"$(DERIVED_FILE_DIR)/Pods-Lab2-checkManifestLockResult.txt",
			);
			runOnlyForDeploymentPostprocessing = 0;
			shellPath = /bin/sh;
			shellScript = "diff \"${PODS_PODFILE_DIR_PATH}/Podfile.lock\" \"${PODS_ROOT}/Manifest.lock\" > /dev/null\nif [ $? != 0 ] ; then\n    # print error to STDERR\n    echo \"error: The sandbox is not in sync with the Podfile.lock. Run 'pod install' or update your CocoaPods installation.\" >&2\n    exit 1\nfi\n# This output is used by Xcode 'outputs' to avoid re-running this script phase.\necho \"SUCCESS\" > \"${SCRIPT_OUTPUT_FILE_0}\"\n";
			showEnvVarsInLog = 0;
		};
		C9C8D01E50A13DD4C34C3AB6 /* [CP] Embed Pods Frameworks */ = {
			isa = PBXShellScriptBuildPhase;
			buildActionMask = 2147483647;
			files = (
			);
			inputFileListPaths = (
				"${PODS_ROOT}/Target Support Files/Pods-Lab2/Pods-Lab2-frameworks-${CONFIGURATION}-input-files.xcfilelist",
			);
			name = "[CP] Embed Pods Frameworks";
			outputFileListPaths = (
				"${PODS_ROOT}/Target Support Files/Pods-Lab2/Pods-Lab2-frameworks-${CONFIGURATION}-output-files.xcfilelist",
			);
			runOnlyForDeploymentPostprocessing = 0;
			shellPath = /bin/sh;
			shellScript = "\"${PODS_ROOT}/Target Support Files/Pods-Lab2/Pods-Lab2-frameworks.sh\"\n";
			showEnvVarsInLog = 0;
		};
/* End PBXShellScriptBuildPhase section */

/* Begin PBXSourcesBuildPhase section */
		C148C91927B7DC5C00DFE042 /* Sources */ = {
			isa = PBXSourcesBuildPhase;
			buildActionMask = 2147483647;
			files = (
				C13FEAE527B866FD003EB1D8 /* JsonEntities.swift in Sources */,
				C148C92527B7DC5C00DFE042 /* ViewController.swift in Sources */,
				C19A9AB527BB0AFC0064192E /* UrlCreator.swift in Sources */,
				C148C92127B7DC5C00DFE042 /* AppDelegate.swift in Sources */,
				C148C92327B7DC5C00DFE042 /* SceneDelegate.swift in Sources */,
				C19A9AAE27BB08780064192E /* DataExtention.swift in Sources */,
			);
			runOnlyForDeploymentPostprocessing = 0;
		};
/* End PBXSourcesBuildPhase section */

/* Begin PBXVariantGroup section */
		C148C92627B7DC5C00DFE042 /* Main.storyboard */ = {
			isa = PBXVariantGroup;
			children = (
				C148C92727B7DC5C00DFE042 /* Base */,
			);
			name = Main.storyboard;
			sourceTree = "<group>";
		};
		C148C92B27B7DC6000DFE042 /* LaunchScreen.storyboard */ = {
			isa = PBXVariantGroup;
			children = (
				C148C92C27B7DC6000DFE042 /* Base */,
			);
			name = LaunchScreen.storyboard;
			sourceTree = "<group>";
		};
/* End PBXVariantGroup section */

/* Begin XCBuildConfiguration section */
		C148C92F27B7DC6000DFE042 /* Debug */ = {
			isa = XCBuildConfiguration;
			buildSettings = {
				ALWAYS_SEARCH_USER_PATHS = NO;
				CLANG_ANALYZER_NONNULL = YES;
				CLANG_ANALYZER_NUMBER_OBJECT_CONVERSION = YES_AGGRESSIVE;
				CLANG_CXX_LANGUAGE_STANDARD = "gnu++14";
				CLANG_CXX_LIBRARY = "libc++";
				CLANG_ENABLE_MODULES = YES;
				CLANG_ENABLE_OBJC_ARC = YES;
				CLANG_ENABLE_OBJC_WEAK = YES;
				CLANG_WARN_BLOCK_CAPTURE_AUTORELEASING = YES;
				CLANG_WARN_BOOL_CONVERSION = YES;
				CLANG_WARN_COMMA = YES;
				CLANG_WARN_CONSTANT_CONVERSION = YES;
				CLANG_WARN_DEPRECATED_OBJC_IMPLEMENTATIONS = YES;
				CLANG_WARN_DIRECT_OBJC_ISA_USAGE = YES_ERROR;
				CLANG_WARN_DOCUMENTATION_COMMENTS = YES;
				CLANG_WARN_EMPTY_BODY = YES;
				CLANG_WARN_ENUM_CONVERSION = YES;
				CLANG_WARN_INFINITE_RECURSION = YES;
				CLANG_WARN_INT_CONVERSION = YES;
				CLANG_WARN_NON_LITERAL_NULL_CONVERSION = YES;
				CLANG_WARN_OBJC_IMPLICIT_RETAIN_SELF = YES;
				CLANG_WARN_OBJC_LITERAL_CONVERSION = YES;
				CLANG_WARN_OBJC_ROOT_CLASS = YES_ERROR;
				CLANG_WARN_QUOTED_INCLUDE_IN_FRAMEWORK_HEADER = YES;
				CLANG_WARN_RANGE_LOOP_ANALYSIS = YES;
				CLANG_WARN_STRICT_PROTOTYPES = YES;
				CLANG_WARN_SUSPICIOUS_MOVE = YES;
				CLANG_WARN_UNGUARDED_AVAILABILITY = YES_AGGRESSIVE;
				CLANG_WARN_UNREACHABLE_CODE = YES;
				CLANG_WARN__DUPLICATE_METHOD_MATCH = YES;
				COPY_PHASE_STRIP = NO;
				DEBUG_INFORMATION_FORMAT = dwarf;
				ENABLE_STRICT_OBJC_MSGSEND = YES;
				ENABLE_TESTABILITY = YES;
				GCC_C_LANGUAGE_STANDARD = gnu11;
				GCC_DYNAMIC_NO_PIC = NO;
				GCC_NO_COMMON_BLOCKS = YES;
				GCC_OPTIMIZATION_LEVEL = 0;
				GCC_PREPROCESSOR_DEFINITIONS = (
					"DEBUG=1",
					"$(inherited)",
				);
				GCC_WARN_64_TO_32_BIT_CONVERSION = YES;
				GCC_WARN_ABOUT_RETURN_TYPE = YES_ERROR;
				GCC_WARN_UNDECLARED_SELECTOR = YES;
				GCC_WARN_UNINITIALIZED_AUTOS = YES_AGGRESSIVE;
				GCC_WARN_UNUSED_FUNCTION = YES;
				GCC_WARN_UNUSED_VARIABLE = YES;
				IPHONEOS_DEPLOYMENT_TARGET = 14.5;
				MTL_ENABLE_DEBUG_INFO = INCLUDE_SOURCE;
				MTL_FAST_MATH = YES;
				ONLY_ACTIVE_ARCH = YES;
				SDKROOT = iphoneos;
				SWIFT_ACTIVE_COMPILATION_CONDITIONS = DEBUG;
				SWIFT_OPTIMIZATION_LEVEL = "-Onone";
			};
			name = Debug;
		};
		C148C93027B7DC6000DFE042 /* Release */ = {
			isa = XCBuildConfiguration;
			buildSettings = {
				ALWAYS_SEARCH_USER_PATHS = NO;
				CLANG_ANALYZER_NONNULL = YES;
				CLANG_ANALYZER_NUMBER_OBJECT_CONVERSION = YES_AGGRESSIVE;
				CLANG_CXX_LANGUAGE_STANDARD = "gnu++14";
				CLANG_CXX_LIBRARY = "libc++";
				CLANG_ENABLE_MODULES = YES;
				CLANG_ENABLE_OBJC_ARC = YES;
				CLANG_ENABLE_OBJC_WEAK = YES;
				CLANG_WARN_BLOCK_CAPTURE_AUTORELEASING = YES;
				CLANG_WARN_BOOL_CONVERSION = YES;
				CLANG_WARN_COMMA = YES;
				CLANG_WARN_CONSTANT_CONVERSION = YES;
				CLANG_WARN_DEPRECATED_OBJC_IMPLEMENTATIONS = YES;
				CLANG_WARN_DIRECT_OBJC_ISA_USAGE = YES_ERROR;
				CLANG_WARN_DOCUMENTATION_COMMENTS = YES;
				CLANG_WARN_EMPTY_BODY = YES;
				CLANG_WARN_ENUM_CONVERSION = YES;
				CLANG_WARN_INFINITE_RECURSION = YES;
				CLANG_WARN_INT_CONVERSION = YES;
				CLANG_WARN_NON_LITERAL_NULL_CONVERSION = YES;
				CLANG_WARN_OBJC_IMPLICIT_RETAIN_SELF = YES;
				CLANG_WARN_OBJC_LITERAL_CONVERSION = YES;
				CLANG_WARN_OBJC_ROOT_CLASS = YES_ERROR;
				CLANG_WARN_QUOTED_INCLUDE_IN_FRAMEWORK_HEADER = YES;
				CLANG_WARN_RANGE_LOOP_ANALYSIS = YES;
				CLANG_WARN_STRICT_PROTOTYPES = YES;
				CLANG_WARN_SUSPICIOUS_MOVE = YES;
				CLANG_WARN_UNGUARDED_AVAILABILITY = YES_AGGRESSIVE;
				CLANG_WARN_UNREACHABLE_CODE = YES;
				CLANG_WARN__DUPLICATE_METHOD_MATCH = YES;
				COPY_PHASE_STRIP = NO;
				DEBUG_INFORMATION_FORMAT = "dwarf-with-dsym";
				ENABLE_NS_ASSERTIONS = NO;
				ENABLE_STRICT_OBJC_MSGSEND = YES;
				GCC_C_LANGUAGE_STANDARD = gnu11;
				GCC_NO_COMMON_BLOCKS = YES;
				GCC_WARN_64_TO_32_BIT_CONVERSION = YES;
				GCC_WARN_ABOUT_RETURN_TYPE = YES_ERROR;
				GCC_WARN_UNDECLARED_SELECTOR = YES;
				GCC_WARN_UNINITIALIZED_AUTOS = YES_AGGRESSIVE;
				GCC_WARN_UNUSED_FUNCTION = YES;
				GCC_WARN_UNUSED_VARIABLE = YES;
				IPHONEOS_DEPLOYMENT_TARGET = 14.5;
				MTL_ENABLE_DEBUG_INFO = NO;
				MTL_FAST_MATH = YES;
				SDKROOT = iphoneos;
				SWIFT_COMPILATION_MODE = wholemodule;
				SWIFT_OPTIMIZATION_LEVEL = "-O";
				VALIDATE_PRODUCT = YES;
			};
			name = Release;
		};
		C148C93227B7DC6000DFE042 /* Debug */ = {
			isa = XCBuildConfiguration;
			baseConfigurationReference = CB5A50CF5096F5A54B8F6A8A /* Pods-Lab2.debug.xcconfig */;
			buildSettings = {
				ASSETCATALOG_COMPILER_APPICON_NAME = AppIcon;
				ASSETCATALOG_COMPILER_GLOBAL_ACCENT_COLOR_NAME = AccentColor;
				CODE_SIGN_STYLE = Automatic;
				DEVELOPMENT_TEAM = VNU8KKW4GG;
				INFOPLIST_FILE = Lab2/Info.plist;
				LD_RUNPATH_SEARCH_PATHS = (
					"$(inherited)",
					"@executable_path/Frameworks",
				);
				PRODUCT_BUNDLE_IDENTIFIER = ua.edu.ukma.goptsii.Lab2;
				PRODUCT_NAME = "$(TARGET_NAME)";
				SWIFT_VERSION = 5.0;
				TARGETED_DEVICE_FAMILY = 1;
			};
			name = Debug;
		};
		C148C93327B7DC6000DFE042 /* Release */ = {
			isa = XCBuildConfiguration;
			baseConfigurationReference = 16711071923CFAE748939DC8 /* Pods-Lab2.release.xcconfig */;
			buildSettings = {
				ASSETCATALOG_COMPILER_APPICON_NAME = AppIcon;
				ASSETCATALOG_COMPILER_GLOBAL_ACCENT_COLOR_NAME = AccentColor;
				CODE_SIGN_STYLE = Automatic;
				DEVELOPMENT_TEAM = VNU8KKW4GG;
				INFOPLIST_FILE = Lab2/Info.plist;
				LD_RUNPATH_SEARCH_PATHS = (
					"$(inherited)",
					"@executable_path/Frameworks",
				);
				PRODUCT_BUNDLE_IDENTIFIER = ua.edu.ukma.goptsii.Lab2;
				PRODUCT_NAME = "$(TARGET_NAME)";
				SWIFT_VERSION = 5.0;
				TARGETED_DEVICE_FAMILY = 1;
			};
			name = Release;
		};
/* End XCBuildConfiguration section */

/* Begin XCConfigurationList section */
		C148C91827B7DC5C00DFE042 /* Build configuration list for PBXProject "Lab2" */ = {
			isa = XCConfigurationList;
			buildConfigurations = (
				C148C92F27B7DC6000DFE042 /* Debug */,
				C148C93027B7DC6000DFE042 /* Release */,
			);
			defaultConfigurationIsVisible = 0;
			defaultConfigurationName = Release;
		};
		C148C93127B7DC6000DFE042 /* Build configuration list for PBXNativeTarget "Lab2" */ = {
			isa = XCConfigurationList;
			buildConfigurations = (
				C148C93227B7DC6000DFE042 /* Debug */,
				C148C93327B7DC6000DFE042 /* Release */,
			);
			defaultConfigurationIsVisible = 0;
			defaultConfigurationName = Release;
		};
/* End XCConfigurationList section */
	};
	rootObject = C148C91527B7DC5C00DFE042 /* Project object */;
}
